
Microsoft Visual Studio Solution File, Format Version 12.00
# Visual Studio 15
Project("{FAE04EC0-301F-11D3-BF4B-00C04F79EFBC}") = "Assembly-CSharp", "Assembly-CSharp.csproj", "{B1DE75C7-B667-DA9D-5A3A-2D60309F61E9}"
EndProject
Project("{FAE04EC0-301F-11D3-BF4B-00C04F79EFBC}") = "MobileConsole", "MobileConsole.csproj", "{2430BEC8-D7D2-3B81-DD17-A4F18ADCAE77}"
EndProject
Project("{FAE04EC0-301F-11D3-BF4B-00C04F79EFBC}") = "MobileConsole.Editor", "MobileConsole.Editor.csproj", "{A748D048-08E2-541F-527E-E9EA0741BE92}"
EndProject
Project("{FAE04EC0-301F-11D3-BF4B-00C04F79EFBC}") = "Assembly-CSharp-Editor", "Assembly-CSharp-Editor.csproj", "{0367B0CE-39A1-F8D0-5EE4-2AFC6EE81F50}"
EndProject
Global
	GlobalSection(SolutionConfigurationPlatforms) = preSolution
		Debug|Any CPU = Debug|Any CPU
		Release|Any CPU = Release|Any CPU
	EndGlobalSection
	GlobalSection(ProjectConfigurationPlatforms) = postSolution
		{B1DE75C7-B667-DA9D-5A3A-2D60309F61E9}.Debug|Any CPU.ActiveCfg = Debug|Any CPU
		{B1DE75C7-B667-DA9D-5A3A-2D60309F61E9}.Debug|Any CPU.Build.0 = Debug|Any CPU
		{B1DE75C7-B667-DA9D-5A3A-2D60309F61E9}.Release|Any CPU.ActiveCfg = Release|Any CPU
		{B1DE75C7-B667-DA9D-5A3A-2D60309F61E9}.Release|Any CPU.Build.0 = Release|Any CPU
		{2430BEC8-D7D2-3B81-DD17-A4F18ADCAE77}.Debug|Any CPU.ActiveCfg = Debug|Any CPU
		{2430BEC8-D7D2-3B81-DD17-A4F18ADCAE77}.Debug|Any CPU.Build.0 = Debug|Any CPU
		{2430BEC8-D7D2-3B81-DD17-A4F18ADCAE77}.Release|Any CPU.ActiveCfg = Release|Any CPU
		{2430BEC8-D7D2-3B81-DD17-A4F18ADCAE77}.Release|Any CPU.Build.0 = Release|Any CPU
		{A748D048-08E2-541F-527E-E9EA0741BE92}.Debug|Any CPU.ActiveCfg = Debug|Any CPU
		{A748D048-08E2-541F-527E-E9EA0741BE92}.Debug|Any CPU.Build.0 = Debug|Any CPU
		{A748D048-08E2-541F-527E-E9EA0741BE92}.Release|Any CPU.ActiveCfg = Release|Any CPU
		{A748D048-08E2-541F-527E-E9EA0741BE92}.Release|Any CPU.Build.0 = Release|Any CPU
		{0367B0CE-39A1-F8D0-5EE4-2AFC6EE81F50}.Debug|Any CPU.ActiveCfg = Debug|Any CPU
		{0367B0CE-39A1-F8D0-5EE4-2AFC6EE81F50}.Debug|Any CPU.Build.0 = Debug|Any CPU
		{0367B0CE-39A1-F8D0-5EE4-2AFC6EE81F50}.Release|Any CPU.ActiveCfg = Release|Any CPU
		{0367B0CE-39A1-F8D0-5EE4-2AFC6EE81F50}.Release|Any CPU.Build.0 = Release|Any CPU
	EndGlobalSection
	GlobalSection(SolutionProperties) = preSolution
		HideSolutionNode = FALSE
	EndGlobalSection
EndGlobal
